
Microsoft Visual Studio Solution File, Format Version 12.00
# Visual Studio Version 17
VisualStudioVersion = 17.13.35919.96 d17.13
MinimumVisualStudioVersion = 10.0.40219.1
Project("{FAE04EC0-301F-11D3-BF4B-00C04F79EFBC}") = "git", "git.csproj", "{07F6C109-518D-40CD-8975-4148CFCD589C}"
EndProject
Global
	GlobalSection(SolutionConfigurationPlatforms) = preSolution
		Debug|Any CPU = Debug|Any CPU
		Release|Any CPU = Release|Any CPU
	EndGlobalSection
	GlobalSection(ProjectConfigurationPlatforms) = postSolution
		{07F6C109-518D-40CD-8975-4148CFCD589C}.Debug|Any CPU.ActiveCfg = Debug|Any CPU
		{07F6C109-518D-40CD-8975-4148CFCD589C}.Debug|Any CPU.Build.0 = Debug|Any CPU
		{07F6C109-518D-40CD-8975-4148CFCD589C}.Release|Any CPU.ActiveCfg = Release|Any CPU
		{07F6C109-518D-40CD-8975-4148CFCD589C}.Release|Any CPU.Build.0 = Release|Any CPU
	EndGlobalSection
	GlobalSection(SolutionProperties) = preSolution
		HideSolutionNode = FALSE
	EndGlobalSection
	GlobalSection(ExtensibilityGlobals) = postSolution
		SolutionGuid = {D1A798E2-78C7-46C7-99A5-D97F44674856}
	EndGlobalSection
EndGlobal
